// !$*UTF8*$!
{
	archiveVersion = 1;
	classes = {
	};
	objectVersion = 52;
	objects = {

/* Begin PBXBuildFile section */
		3CA53E9A25BF37E200F02928 /* main.swift in Sources */ = {isa = PBXBuildFile; fileRef = 3CA53E9925BF37E200F02928 /* main.swift */; };
		A4304C9F28C47730009C1012 /* sEndpointSecurity in Frameworks */ = {isa = PBXBuildFile; productRef = A4304C9E28C47730009C1012 /* sEndpointSecurity */; };
/* End PBXBuildFile section */

/* Begin PBXFileReference section */
		3CA53E8D25BF37E100F02928 /* EndpointSecurityDemo.app */ = {isa = PBXFileReference; explicitFileType = wrapper.application; includeInIndex = 0; path = EndpointSecurityDemo.app; sourceTree = BUILT_PRODUCTS_DIR; };
		3CA53E9925BF37E200F02928 /* main.swift */ = {isa = PBXFileReference; lastKnownFileType = sourcecode.swift; path = main.swift; sourceTree = "<group>"; };
		A415BB912707561100608E5A /* EndpointSecurityDemo.entitlements */ = {isa = PBXFileReference; lastKnownFileType = text.plist.entitlements; path = EndpointSecurityDemo.entitlements; sourceTree = "<group>"; };
		A44A4FE92683395A008BF9F6 /* EndpointSecurityDemo-Bridging-Header.h */ = {isa = PBXFileReference; lastKnownFileType = sourcecode.c.h; path = "EndpointSecurityDemo-Bridging-Header.h"; sourceTree = "<group>"; };
		A4F84BC928C476650036117D /* sEndpointSecurity */ = {isa = PBXFileReference; lastKnownFileType = wrapper; name = sEndpointSecurity; path = ../..; sourceTree = "<group>"; };
/* End PBXFileReference section */

/* Begin PBXFrameworksBuildPhase section */
		3CA53E8A25BF37E100F02928 /* Frameworks */ = {
			isa = PBXFrameworksBuildPhase;
			buildActionMask = 2147483647;
			files = (
				A4304C9F28C47730009C1012 /* sEndpointSecurity in Frameworks */,
			);
			runOnlyForDeploymentPostprocessing = 0;
		};
/* End PBXFrameworksBuildPhase section */

/* Begin PBXGroup section */
		3CA53E8425BF37E100F02928 = {
			isa = PBXGroup;
			children = (
				A4F84BC828C476650036117D /* Packages */,
				3CA53E8F25BF37E100F02928 /* EndpointSecurityDemo */,
				3CA53E8E25BF37E100F02928 /* Products */,
				3CA53EA725BF386000F02928 /* Frameworks */,
			);
			sourceTree = "<group>";
		};
		3CA53E8E25BF37E100F02928 /* Products */ = {
			isa = PBXGroup;
			children = (
				3CA53E8D25BF37E100F02928 /* EndpointSecurityDemo.app */,
			);
			name = Products;
			sourceTree = "<group>";
		};
		3CA53E8F25BF37E100F02928 /* EndpointSecurityDemo */ = {
			isa = PBXGroup;
			children = (
				3CA53E9925BF37E200F02928 /* main.swift */,
				A415BB912707561100608E5A /* EndpointSecurityDemo.entitlements */,
				A44A4FE92683395A008BF9F6 /* EndpointSecurityDemo-Bridging-Header.h */,
			);
			path = EndpointSecurityDemo;
			sourceTree = "<group>";
		};
		3CA53EA725BF386000F02928 /* Frameworks */ = {
			isa = PBXGroup;
			children = (
			);
			name = Frameworks;
			sourceTree = "<group>";
		};
		A4F84BC828C476650036117D /* Packages */ = {
			isa = PBXGroup;
			children = (
				A4F84BC928C476650036117D /* sEndpointSecurity */,
			);
			name = Packages;
			sourceTree = "<group>";
		};
/* End PBXGroup section */

/* Begin PBXNativeTarget section */
		3CA53E8C25BF37E100F02928 /* EndpointSecurityDemo */ = {
			isa = PBXNativeTarget;
			buildConfigurationList = 3CA53E9E25BF37E200F02928 /* Build configuration list for PBXNativeTarget "EndpointSecurityDemo" */;
			buildPhases = (
				3CA53E8925BF37E100F02928 /* Sources */,
				3CA53E8A25BF37E100F02928 /* Frameworks */,
				3CA53E8B25BF37E100F02928 /* Resources */,
			);
			buildRules = (
			);
			dependencies = (
			);
			name = EndpointSecurityDemo;
			packageProductDependencies = (
				A4304C9E28C47730009C1012 /* sEndpointSecurity */,
			);
			productName = EndpointSecurityConsole;
			productReference = 3CA53E8D25BF37E100F02928 /* EndpointSecurityDemo.app */;
			productType = "com.apple.product-type.application";
		};
/* End PBXNativeTarget section */

/* Begin PBXProject section */
		3CA53E8525BF37E100F02928 /* Project object */ = {
			isa = PBXProject;
			attributes = {
				LastSwiftUpdateCheck = 1320;
				LastUpgradeCheck = 1300;
				TargetAttributes = {
					3CA53E8C25BF37E100F02928 = {
						CreatedOnToolsVersion = 12.3;
						LastSwiftMigration = 1250;
					};
				};
			};
			buildConfigurationList = 3CA53E8825BF37E100F02928 /* Build configuration list for PBXProject "EndpointSecurityDemo" */;
			compatibilityVersion = "Xcode 9.3";
			developmentRegion = en;
			hasScannedForEncodings = 0;
			knownRegions = (
				en,
				Base,
			);
			mainGroup = 3CA53E8425BF37E100F02928;
			packageReferences = (
			);
			productRefGroup = 3CA53E8E25BF37E100F02928 /* Products */;
			projectDirPath = "";
			projectRoot = "";
			targets = (
				3CA53E8C25BF37E100F02928 /* EndpointSecurityDemo */,
			);
		};
/* End PBXProject section */

/* Begin PBXResourcesBuildPhase section */
		3CA53E8B25BF37E100F02928 /* Resources */ = {
			isa = PBXResourcesBuildPhase;
			buildActionMask = 2147483647;
			files = (
			);
			runOnlyForDeploymentPostprocessing = 0;
		};
/* End PBXResourcesBuildPhase section */

/* Begin PBXSourcesBuildPhase section */
		3CA53E8925BF37E100F02928 /* Sources */ = {
			isa = PBXSourcesBuildPhase;
			buildActionMask = 2147483647;
			files = (
				3CA53E9A25BF37E200F02928 /* main.swift in Sources */,
			);
			runOnlyForDeploymentPostprocessing = 0;
		};
/* End PBXSourcesBuildPhase section */

/* Begin XCBuildConfiguration section */
		3CA53E9C25BF37E200F02928 /* Debug */ = {
			isa = XCBuildConfiguration;
			buildSettings = {
				ALWAYS_SEARCH_USER_PATHS = NO;
				CLANG_ANALYZER_NONNULL = YES;
				CLANG_ANALYZER_NUMBER_OBJECT_CONVERSION = YES_AGGRESSIVE;
				CLANG_CXX_LANGUAGE_STANDARD = "gnu++17";
				CLANG_CXX_LIBRARY = "libc++";
				CLANG_ENABLE_MODULES = YES;
				CLANG_ENABLE_OBJC_ARC = YES;
				CLANG_ENABLE_OBJC_WEAK = YES;
				CLANG_WARN_BLOCK_CAPTURE_AUTORELEASING = YES;
				CLANG_WARN_BOOL_CONVERSION = YES;
				CLANG_WARN_COMMA = YES;
				CLANG_WARN_CONSTANT_CONVERSION = YES;
				CLANG_WARN_DEPRECATED_OBJC_IMPLEMENTATIONS = YES;
				CLANG_WARN_DIRECT_OBJC_ISA_USAGE = YES_ERROR;
				CLANG_WARN_DOCUMENTATION_COMMENTS = YES;
				CLANG_WARN_EMPTY_BODY = YES;
				CLANG_WARN_ENUM_CONVERSION = YES;
				CLANG_WARN_INFINITE_RECURSION = YES;
				CLANG_WARN_INT_CONVERSION = YES;
				CLANG_WARN_NON_LITERAL_NULL_CONVERSION = YES;
				CLANG_WARN_OBJC_IMPLICIT_RETAIN_SELF = YES;
				CLANG_WARN_OBJC_LITERAL_CONVERSION = YES;
				CLANG_WARN_OBJC_ROOT_CLASS = YES_ERROR;
				CLANG_WARN_QUOTED_INCLUDE_IN_FRAMEWORK_HEADER = YES;
				CLANG_WARN_RANGE_LOOP_ANALYSIS = YES;
				CLANG_WARN_STRICT_PROTOTYPES = YES;
				CLANG_WARN_SUSPICIOUS_MOVE = YES;
				CLANG_WARN_UNGUARDED_AVAILABILITY = YES_AGGRESSIVE;
				CLANG_WARN_UNREACHABLE_CODE = YES;
				CLANG_WARN__DUPLICATE_METHOD_MATCH = YES;
				COPY_PHASE_STRIP = NO;
				DEBUG_INFORMATION_FORMAT = dwarf;
				ENABLE_HARDENED_RUNTIME = YES;
				ENABLE_STRICT_OBJC_MSGSEND = YES;
				ENABLE_TESTABILITY = YES;
				GCC_C_LANGUAGE_STANDARD = gnu11;
				GCC_DYNAMIC_NO_PIC = NO;
				GCC_NO_COMMON_BLOCKS = YES;
				GCC_OPTIMIZATION_LEVEL = 0;
				GCC_PREPROCESSOR_DEFINITIONS = (
					"DEBUG=1",
					"$(inherited)",
				);
				GCC_WARN_64_TO_32_BIT_CONVERSION = YES;
				GCC_WARN_ABOUT_RETURN_TYPE = YES_ERROR;
				GCC_WARN_UNDECLARED_SELECTOR = YES;
				GCC_WARN_UNINITIALIZED_AUTOS = YES_AGGRESSIVE;
				GCC_WARN_UNUSED_FUNCTION = YES;
				GCC_WARN_UNUSED_VARIABLE = YES;
				MACOSX_DEPLOYMENT_TARGET = 10.15;
				MTL_ENABLE_DEBUG_INFO = INCLUDE_SOURCE;
				MTL_FAST_MATH = YES;
				ONLY_ACTIVE_ARCH = YES;
				PRODUCT_BUNDLE_IDENTIFIER = "com.alkenso.$(TARGET_NAME)";
				SDKROOT = macosx;
				SWIFT_OPTIMIZATION_LEVEL = "-Onone";
				SWIFT_VERSION = 5.0;
			};
			name = Debug;
		};
		3CA53E9D25BF37E200F02928 /* Release */ = {
			isa = XCBuildConfiguration;
			buildSettings = {
				ALWAYS_SEARCH_USER_PATHS = NO;
				CLANG_ANALYZER_NONNULL = YES;
				CLANG_ANALYZER_NUMBER_OBJECT_CONVERSION = YES_AGGRESSIVE;
				CLANG_CXX_LANGUAGE_STANDARD = "gnu++17";
				CLANG_CXX_LIBRARY = "libc++";
				CLANG_ENABLE_MODULES = YES;
				CLANG_ENABLE_OBJC_ARC = YES;
				CLANG_ENABLE_OBJC_WEAK = YES;
				CLANG_WARN_BLOCK_CAPTURE_AUTORELEASING = YES;
				CLANG_WARN_BOOL_CONVERSION = YES;
				CLANG_WARN_COMMA = YES;
				CLANG_WARN_CONSTANT_CONVERSION = YES;
				CLANG_WARN_DEPRECATED_OBJC_IMPLEMENTATIONS = YES;
				CLANG_WARN_DIRECT_OBJC_ISA_USAGE = YES_ERROR;
				CLANG_WARN_DOCUMENTATION_COMMENTS = YES;
				CLANG_WARN_EMPTY_BODY = YES;
				CLANG_WARN_ENUM_CONVERSION = YES;
				CLANG_WARN_INFINITE_RECURSION = YES;
				CLANG_WARN_INT_CONVERSION = YES;
				CLANG_WARN_NON_LITERAL_NULL_CONVERSION = YES;
				CLANG_WARN_OBJC_IMPLICIT_RETAIN_SELF = YES;
				CLANG_WARN_OBJC_LITERAL_CONVERSION = YES;
				CLANG_WARN_OBJC_ROOT_CLASS = YES_ERROR;
				CLANG_WARN_QUOTED_INCLUDE_IN_FRAMEWORK_HEADER = YES;
				CLANG_WARN_RANGE_LOOP_ANALYSIS = YES;
				CLANG_WARN_STRICT_PROTOTYPES = YES;
				CLANG_WARN_SUSPICIOUS_MOVE = YES;
				CLANG_WARN_UNGUARDED_AVAILABILITY = YES_AGGRESSIVE;
				CLANG_WARN_UNREACHABLE_CODE = YES;
				CLANG_WARN__DUPLICATE_METHOD_MATCH = YES;
				COPY_PHASE_STRIP = NO;
				DEBUG_INFORMATION_FORMAT = "dwarf-with-dsym";
				ENABLE_HARDENED_RUNTIME = YES;
				ENABLE_NS_ASSERTIONS = NO;
				ENABLE_STRICT_OBJC_MSGSEND = YES;
				GCC_C_LANGUAGE_STANDARD = gnu11;
				GCC_NO_COMMON_BLOCKS = YES;
				GCC_WARN_64_TO_32_BIT_CONVERSION = YES;
				GCC_WARN_ABOUT_RETURN_TYPE = YES_ERROR;
				GCC_WARN_UNDECLARED_SELECTOR = YES;
				GCC_WARN_UNINITIALIZED_AUTOS = YES_AGGRESSIVE;
				GCC_WARN_UNUSED_FUNCTION = YES;
				GCC_WARN_UNUSED_VARIABLE = YES;
				MACOSX_DEPLOYMENT_TARGET = 10.15;
				MTL_ENABLE_DEBUG_INFO = NO;
				MTL_FAST_MATH = YES;
				PRODUCT_BUNDLE_IDENTIFIER = "com.alkenso.$(TARGET_NAME)";
				SDKROOT = macosx;
				SWIFT_VERSION = 5.0;
			};
			name = Release;
		};
		3CA53E9F25BF37E200F02928 /* Debug */ = {
			isa = XCBuildConfiguration;
			buildSettings = {
				ASSETCATALOG_COMPILER_APPICON_NAME = AppIcon;
				ASSETCATALOG_COMPILER_GLOBAL_ACCENT_COLOR_NAME = AccentColor;
				CLANG_ENABLE_MODULES = YES;
				CODE_SIGN_ENTITLEMENTS = "$(TARGET_NAME)/$(TARGET_NAME).entitlements";
				CODE_SIGN_IDENTITY = "-";
				COMBINE_HIDPI_IMAGES = YES;
				CREATE_INFOPLIST_SECTION_IN_BINARY = YES;
				GENERATE_INFOPLIST_FILE = YES;
				LD_RUNPATH_SEARCH_PATHS = (
					"$(inherited)",
					"@executable_path/../Frameworks",
				);
				PRODUCT_NAME = "$(TARGET_NAME)";
				SWIFT_OBJC_BRIDGING_HEADER = "$(TARGET_NAME)/$(TARGET_NAME)-Bridging-Header.h";
			};
			name = Debug;
		};
		3CA53EA025BF37E200F02928 /* Release */ = {
			isa = XCBuildConfiguration;
			buildSettings = {
				ASSETCATALOG_COMPILER_APPICON_NAME = AppIcon;
				ASSETCATALOG_COMPILER_GLOBAL_ACCENT_COLOR_NAME = AccentColor;
				CLANG_ENABLE_MODULES = YES;
				CODE_SIGN_ENTITLEMENTS = "$(TARGET_NAME)/$(TARGET_NAME).entitlements";
				CODE_SIGN_IDENTITY = "-";
				COMBINE_HIDPI_IMAGES = YES;
				CREATE_INFOPLIST_SECTION_IN_BINARY = YES;
				GENERATE_INFOPLIST_FILE = YES;
				LD_RUNPATH_SEARCH_PATHS = (
					"$(inherited)",
					"@executable_path/../Frameworks",
				);
				PRODUCT_NAME = "$(TARGET_NAME)";
				SWIFT_OBJC_BRIDGING_HEADER = "$(TARGET_NAME)/$(TARGET_NAME)-Bridging-Header.h";
			};
			name = Release;
		};
/* End XCBuildConfiguration section */

/* Begin XCConfigurationList section */
		3CA53E8825BF37E100F02928 /* Build configuration list for PBXProject "EndpointSecurityDemo" */ = {
			isa = XCConfigurationList;
			buildConfigurations = (
				3CA53E9C25BF37E200F02928 /* Debug */,
				3CA53E9D25BF37E200F02928 /* Release */,
			);
			defaultConfigurationIsVisible = 0;
			defaultConfigurationName = Release;
		};
		3CA53E9E25BF37E200F02928 /* Build configuration list for PBXNativeTarget "EndpointSecurityDemo" */ = {
			isa = XCConfigurationList;
			buildConfigurations = (
				3CA53E9F25BF37E200F02928 /* Debug */,
				3CA53EA025BF37E200F02928 /* Release */,
			);
			defaultConfigurationIsVisible = 0;
			defaultConfigurationName = Release;
		};
/* End XCConfigurationList section */

/* Begin XCSwiftPackageProductDependency section */
		A4304C9E28C47730009C1012 /* sEndpointSecurity */ = {
			isa = XCSwiftPackageProductDependency;
			productName = sEndpointSecurity;
		};
/* End XCSwiftPackageProductDependency section */
	};
	rootObject = 3CA53E8525BF37E100F02928 /* Project object */;
}
